<?xml version="1.0" encoding="utf-8"?>
<Project ToolsVersion="4.0" xmlns="http://schemas.microsoft.com/developer/msbuild/2003">
  <ItemGroup>
    <Filter Include="Source Files">
      <UniqueIdentifier>{4FC737F1-C7A5-4376-A066-2A32D752A2FF}</UniqueIdentifier>
      <Extensions>cpp;c;cc;cxx;c++;cppm;ixx;def;odl;idl;hpj;bat;asm;asmx</Extensions>
    </Filter>
    <Filter Include="Header Files">
      <UniqueIdentifier>{93995380-89BD-4b04-88EB-625FBE52EBFB}</UniqueIdentifier>
      <Extensions>h;hh;hpp;hxx;h++;hm;inl;inc;ipp;xsd</Extensions>
    </Filter>
    <Filter Include="Resource Files">
      <UniqueIdentifier>{67DA6AB6-F800-4c08-8B7A-83BB121AAD01}</UniqueIdentifier>
      <Extensions>rc;ico;cur;bmp;dlg;rc2;rct;bin;rgs;gif;jpg;jpeg;jpe;resx;tiff;tif;png;wav;mfcribbon-ms</Extensions>
    </Filter>
    <Filter Include="Config">
      <UniqueIdentifier>{1fafa01f-dbb5-4a8a-88bf-bb8cf107402d}</UniqueIdentifier>
    </Filter>
    <Filter Include="Process">
      <UniqueIdentifier>{9ed38be3-ac2a-449b-81a5-438dc3ed01d7}</UniqueIdentifier>
    </Filter>
    <Filter Include="ConsoleUI">
      <UniqueIdentifier>{773d5bfa-ff9c-4660-b9bf-f5755d217df9}</UniqueIdentifier>
    </Filter>
    <Filter Include="CPU">
      <UniqueIdentifier>{8cfb8b28-6a8c-4f00-9aff-e085315d63af}</UniqueIdentifier>
    </Filter>
    <Filter Include="EventBroadcasting">
      <UniqueIdentifier>{50fd698b-bc06-4973-a608-2adab74339e2}</UniqueIdentifier>
    </Filter>
    <Filter Include="Input">
      <UniqueIdentifier>{48f0a0ee-0623-42e4-985b-235b30b12d3d}</UniqueIdentifier>
    </Filter>
    <Filter Include="Math">
      <UniqueIdentifier>{23035fed-d4af-4175-bdef-20121fda00f8}</UniqueIdentifier>
    </Filter>
    <Filter Include="FileSystem">
      <UniqueIdentifier>{fd3e403e-897a-448a-8897-2ac1b2412409}</UniqueIdentifier>
    </Filter>
    <Filter Include="Memory">
      <UniqueIdentifier>{95c22c29-509f-45ae-adaf-a7a3af3e10e4}</UniqueIdentifier>
    </Filter>
    <Filter Include="Screen">
      <UniqueIdentifier>{65f4cbf4-d10a-412e-9603-6422630f3422}</UniqueIdentifier>
    </Filter>
  </ItemGroup>
  <ItemGroup>
    <ClCompile Include="ConfigParser.cpp">
      <Filter>FileSystem</Filter>
    </ClCompile>
    <ClCompile Include="EventBroadcaster.cpp">
      <Filter>EventBroadcasting</Filter>
    </ClCompile>
    <ClCompile Include="Process.cpp">
      <Filter>Process</Filter>
    </ClCompile>
    <ClCompile Include="Scheduler.cpp">
      <Filter>CPU</Filter>
    </ClCompile>
    <ClCompile Include="MainMenu.cpp">
      <Filter>ConsoleUI</Filter>
    </ClCompile>
    <ClCompile Include="ProcessScreen.cpp">
      <Filter>Screen</Filter>
    </ClCompile>
    <ClCompile Include="GlobalConfig.cpp">
      <Filter>Config</Filter>
    </ClCompile>
    <ClCompile Include="main.cpp">
      <Filter>Source Files</Filter>
    </ClCompile>
  </ItemGroup>
  <ItemGroup>
    <ClInclude Include="GlobalConfig.h">
      <Filter>Config</Filter>
    </ClInclude>
    <ClInclude Include="ConfigParser.h">
      <Filter>FileSystem</Filter>
    </ClInclude>
    <ClInclude Include="EventBroadcaster.h">
      <Filter>EventBroadcasting</Filter>
    </ClInclude>
    <ClInclude Include="resource.h">
      <Filter>Header Files</Filter>
    </ClInclude>
    <ClInclude Include="Process.h">
      <Filter>Process</Filter>
    </ClInclude>
    <ClInclude Include="Scheduler.h">
      <Filter>CPU</Filter>
    </ClInclude>
    <ClInclude Include="MainMenu.h">
      <Filter>ConsoleUI</Filter>
    </ClInclude>
    <ClInclude Include="ProcessScreen.h">
      <Filter>Screen</Filter>
    </ClInclude>
  </ItemGroup>
  <ItemGroup>
    <ResourceCompile Include="MO1-CSOPESY.rc">
      <Filter>Resource Files</Filter>
    </ResourceCompile>
  </ItemGroup>
  <ItemGroup>
    <Text Include="config.txt" />
  </ItemGroup>
</Project>